// !$*UTF8*$!
{
	archiveVersion = 1;
	classes = {
	};
	objectVersion = 50;
	objects = {

/* Begin PBXBuildFile section */
		F01F5A182DD018620010B44D /* main.c in Sources */ = {isa = PBXBuildFile; fileRef = F01F59632DD0181C0010B44D /* main.c */; };
		F01F5A192DD018680010B44D /* malloc.c in Sources */ = {isa = PBXBuildFile; fileRef = F01F595F2DD0181C0010B44D /* malloc.c */; };
		F01F5A1A2DD018920010B44D /* vprintf.c in Sources */ = {isa = PBXBuildFile; fileRef = F01F595E2DD0181C0010B44D /* vprintf.c */; };
		F01F5A232DD018E40010B44D /* ctype.c in Sources */ = {isa = PBXBuildFile; fileRef = F01F59372DD0181C0010B44D /* ctype.c */; };
		F01F5A242DD018E80010B44D /* printf.c in Sources */ = {isa = PBXBuildFile; fileRef = F01F59392DD0181C0010B44D /* printf.c */; };
		F01F5A252DD018EC0010B44D /* vprintf.c in Sources */ = {isa = PBXBuildFile; fileRef = F01F593A2DD0181C0010B44D /* vprintf.c */; };
		F01F5A262DD018F00010B44D /* snprintf.c in Sources */ = {isa = PBXBuildFile; fileRef = F01F593B2DD0181C0010B44D /* snprintf.c */; };
		F01F5A272DD018F40010B44D /* vsnprintf.c in Sources */ = {isa = PBXBuildFile; fileRef = F01F593D2DD0181C0010B44D /* vsnprintf.c */; };
		F01F5A282DD018F90010B44D /* atoi.c in Sources */ = {isa = PBXBuildFile; fileRef = F01F593F2DD0181C0010B44D /* atoi.c */; };
		F01F5A292DD018FD0010B44D /* AllocWatchdog.c in Sources */ = {isa = PBXBuildFile; fileRef = F01F59402DD0181C0010B44D /* AllocWatchdog.c */; };
		F01F5A2A2DD019010010B44D /* realloc.c in Sources */ = {isa = PBXBuildFile; fileRef = F01F59412DD0181C0010B44D /* realloc.c */; };
		F01F5A2B2DD019040010B44D /* free.c in Sources */ = {isa = PBXBuildFile; fileRef = F01F59422DD0181C0010B44D /* free.c */; };
		F01F5A2C2DD019080010B44D /* malloc.c in Sources */ = {isa = PBXBuildFile; fileRef = F01F59432DD0181C0010B44D /* malloc.c */; };
		F01F5A2E2DD019120010B44D /* memcpy.c in Sources */ = {isa = PBXBuildFile; fileRef = F01F59472DD0181C0010B44D /* memcpy.c */; };
		F01F5A2F2DD019160010B44D /* memcmp.c in Sources */ = {isa = PBXBuildFile; fileRef = F01F59482DD0181C0010B44D /* memcmp.c */; };
		F01F5A302DD0191A0010B44D /* strlen.c in Sources */ = {isa = PBXBuildFile; fileRef = F01F59492DD0181C0010B44D /* strlen.c */; };
		F01F5A312DD0191E0010B44D /* memset.c in Sources */ = {isa = PBXBuildFile; fileRef = F01F594A2DD0181C0010B44D /* memset.c */; };
		F01F5A322DD019220010B44D /* memchr.c in Sources */ = {isa = PBXBuildFile; fileRef = F01F594B2DD0181C0010B44D /* memchr.c */; };
		F01F5A332DD01AF40010B44D /* main.c in Sources */ = {isa = PBXBuildFile; fileRef = F01F595A2DD0181C0010B44D /* main.c */; };
		F01F5A342DD01B010010B44D /* DeviceTree.c in Sources */ = {isa = PBXBuildFile; fileRef = F01F59552DD0181C0010B44D /* DeviceTree.c */; };
		F01F5A352DD01B050010B44D /* Globals.c in Sources */ = {isa = PBXBuildFile; fileRef = F01F59572DD0181C0010B44D /* Globals.c */; };
		F01F5A362DD01B090010B44D /* BootArgs.c in Sources */ = {isa = PBXBuildFile; fileRef = F01F59562DD0181C0010B44D /* BootArgs.c */; };
		F01F5A372DD01B240010B44D /* SMBIOS.c in Sources */ = {isa = PBXBuildFile; fileRef = F01F59502DD0181C0010B44D /* SMBIOS.c */; };
		F01F5A382DD01B490010B44D /* CPUInfo.c in Sources */ = {isa = PBXBuildFile; fileRef = F01F59522DD0181C0010B44D /* CPUInfo.c */; };
		F01F5A392DD01B6D0010B44D /* ACPIGlobals.c in Sources */ = {isa = PBXBuildFile; fileRef = F01F594E2DD0181C0010B44D /* ACPIGlobals.c */; };
/* End PBXBuildFile section */

/* Begin PBXCopyFilesBuildPhase section */
		F08D5F782CC0506200F9FD8E /* CopyFiles */ = {
			isa = PBXCopyFilesBuildPhase;
			buildActionMask = 2147483647;
			dstPath = /usr/share/man/man1/;
			dstSubfolderSpec = 0;
			files = (
			);
			runOnlyForDeploymentPostprocessing = 1;
		};
/* End PBXCopyFilesBuildPhase section */

/* Begin PBXFileReference section */
		F01F59372DD0181C0010B44D /* ctype.c */ = {isa = PBXFileReference; lastKnownFileType = sourcecode.c.c; path = ctype.c; sourceTree = "<group>"; };
		F01F59392DD0181C0010B44D /* printf.c */ = {isa = PBXFileReference; lastKnownFileType = sourcecode.c.c; path = printf.c; sourceTree = "<group>"; };
		F01F593A2DD0181C0010B44D /* vprintf.c */ = {isa = PBXFileReference; lastKnownFileType = sourcecode.c.c; path = vprintf.c; sourceTree = "<group>"; };
		F01F593B2DD0181C0010B44D /* snprintf.c */ = {isa = PBXFileReference; lastKnownFileType = sourcecode.c.c; path = snprintf.c; sourceTree = "<group>"; };
		F01F593C2DD0181C0010B44D /* stdio_internal.h */ = {isa = PBXFileReference; lastKnownFileType = sourcecode.c.h; path = stdio_internal.h; sourceTree = "<group>"; };
		F01F593D2DD0181C0010B44D /* vsnprintf.c */ = {isa = PBXFileReference; lastKnownFileType = sourcecode.c.c; path = vsnprintf.c; sourceTree = "<group>"; };
		F01F593F2DD0181C0010B44D /* atoi.c */ = {isa = PBXFileReference; lastKnownFileType = sourcecode.c.c; path = atoi.c; sourceTree = "<group>"; };
		F01F59402DD0181C0010B44D /* AllocWatchdog.c */ = {isa = PBXFileReference; lastKnownFileType = sourcecode.c.c; path = AllocWatchdog.c; sourceTree = "<group>"; };
		F01F59412DD0181C0010B44D /* realloc.c */ = {isa = PBXFileReference; lastKnownFileType = sourcecode.c.c; path = realloc.c; sourceTree = "<group>"; };
		F01F59422DD0181C0010B44D /* free.c */ = {isa = PBXFileReference; lastKnownFileType = sourcecode.c.c; path = free.c; sourceTree = "<group>"; };
		F01F59432DD0181C0010B44D /* malloc.c */ = {isa = PBXFileReference; lastKnownFileType = sourcecode.c.c; path = malloc.c; sourceTree = "<group>"; };
		F01F59442DD0181C0010B44D /* AllocWatchdog.h */ = {isa = PBXFileReference; lastKnownFileType = sourcecode.c.h; path = AllocWatchdog.h; sourceTree = "<group>"; };
		F01F59452DD0181C0010B44D /* stdlib_internal.h */ = {isa = PBXFileReference; lastKnownFileType = sourcecode.c.h; path = stdlib_internal.h; sourceTree = "<group>"; };
		F01F59472DD0181C0010B44D /* memcpy.c */ = {isa = PBXFileReference; lastKnownFileType = sourcecode.c.c; path = memcpy.c; sourceTree = "<group>"; };
		F01F59482DD0181C0010B44D /* memcmp.c */ = {isa = PBXFileReference; lastKnownFileType = sourcecode.c.c; path = memcmp.c; sourceTree = "<group>"; };
		F01F59492DD0181C0010B44D /* strlen.c */ = {isa = PBXFileReference; lastKnownFileType = sourcecode.c.c; path = strlen.c; sourceTree = "<group>"; };
		F01F594A2DD0181C0010B44D /* memset.c */ = {isa = PBXFileReference; lastKnownFileType = sourcecode.c.c; path = memset.c; sourceTree = "<group>"; };
		F01F594B2DD0181C0010B44D /* memchr.c */ = {isa = PBXFileReference; lastKnownFileType = sourcecode.c.c; path = memchr.c; sourceTree = "<group>"; };
		F01F594E2DD0181C0010B44D /* ACPIGlobals.c */ = {isa = PBXFileReference; lastKnownFileType = sourcecode.c.c; path = ACPIGlobals.c; sourceTree = "<group>"; };
		F01F59502DD0181C0010B44D /* SMBIOS.c */ = {isa = PBXFileReference; lastKnownFileType = sourcecode.c.c; path = SMBIOS.c; sourceTree = "<group>"; };
		F01F59522DD0181C0010B44D /* CPUInfo.c */ = {isa = PBXFileReference; lastKnownFileType = sourcecode.c.c; path = CPUInfo.c; sourceTree = "<group>"; };
		F01F59542DD0181C0010B44D /* CPUInfo.c */ = {isa = PBXFileReference; lastKnownFileType = sourcecode.c.c; path = CPUInfo.c; sourceTree = "<group>"; };
		F01F59552DD0181C0010B44D /* DeviceTree.c */ = {isa = PBXFileReference; lastKnownFileType = sourcecode.c.c; path = DeviceTree.c; sourceTree = "<group>"; };
		F01F59562DD0181C0010B44D /* BootArgs.c */ = {isa = PBXFileReference; lastKnownFileType = sourcecode.c.c; path = BootArgs.c; sourceTree = "<group>"; };
		F01F59572DD0181C0010B44D /* Globals.c */ = {isa = PBXFileReference; lastKnownFileType = sourcecode.c.c; path = Globals.c; sourceTree = "<group>"; };
		F01F595A2DD0181C0010B44D /* main.c */ = {isa = PBXFileReference; lastKnownFileType = sourcecode.c.c; path = main.c; sourceTree = "<group>"; };
		F01F595D2DD0181C0010B44D /* EFIInit.c */ = {isa = PBXFileReference; lastKnownFileType = sourcecode.c.c; path = EFIInit.c; sourceTree = "<group>"; };
		F01F595E2DD0181C0010B44D /* vprintf.c */ = {isa = PBXFileReference; lastKnownFileType = sourcecode.c.c; path = vprintf.c; sourceTree = "<group>"; };
		F01F595F2DD0181C0010B44D /* malloc.c */ = {isa = PBXFileReference; lastKnownFileType = sourcecode.c.c; path = malloc.c; sourceTree = "<group>"; };
		F01F59612DD0181C0010B44D /* HfsDxe.c */ = {isa = PBXFileReference; lastKnownFileType = sourcecode.c.c; path = HfsDxe.c; sourceTree = "<group>"; };
		F01F59632DD0181C0010B44D /* main.c */ = {isa = PBXFileReference; lastKnownFileType = sourcecode.c.c; path = main.c; sourceTree = "<group>"; };
		F01F59672DD0181C0010B44D /* Crypto.h */ = {isa = PBXFileReference; lastKnownFileType = sourcecode.c.h; path = Crypto.h; sourceTree = "<group>"; };
		F01F59682DD0181C0010B44D /* CoreCrypto.h */ = {isa = PBXFileReference; lastKnownFileType = sourcecode.c.h; path = CoreCrypto.h; sourceTree = "<group>"; };
		F01F59692DD0181C0010B44D /* CDBBasicTypes.h */ = {isa = PBXFileReference; lastKnownFileType = sourcecode.c.h; path = CDBBasicTypes.h; sourceTree = "<group>"; };
		F01F596A2DD0181C0010B44D /* libc_compat.h */ = {isa = PBXFileReference; lastKnownFileType = sourcecode.c.h; path = libc_compat.h; sourceTree = "<group>"; };
		F01F596B2DD0181C0010B44D /* CPUInfo.h */ = {isa = PBXFileReference; lastKnownFileType = sourcecode.c.h; path = CPUInfo.h; sourceTree = "<group>"; };
		F01F596C2DD0181C0010B44D /* CoreDarwinBoot.h */ = {isa = PBXFileReference; lastKnownFileType = sourcecode.c.h; path = CoreDarwinBoot.h; sourceTree = "<group>"; };
		F01F596D2DD0181C0010B44D /* BootArgs.h */ = {isa = PBXFileReference; lastKnownFileType = sourcecode.c.h; path = BootArgs.h; sourceTree = "<group>"; };
		F01F596E2DD0181C0010B44D /* DeviceTree.h */ = {isa = PBXFileReference; lastKnownFileType = sourcecode.c.h; path = DeviceTree.h; sourceTree = "<group>"; };
		F01F596F2DD0181C0010B44D /* Bootability.h */ = {isa = PBXFileReference; lastKnownFileType = sourcecode.c.h; path = Bootability.h; sourceTree = "<group>"; };
		F01F59722DD0181C0010B44D /* BCM2835AuxController.h */ = {isa = PBXFileReference; lastKnownFileType = sourcecode.c.h; path = BCM2835AuxController.h; sourceTree = "<group>"; };
		F01F59732DD0181C0010B44D /* Driver.h */ = {isa = PBXFileReference; lastKnownFileType = sourcecode.c.h; path = Driver.h; sourceTree = "<group>"; };
		F01F59742DD0181C0010B44D /* Serial.h */ = {isa = PBXFileReference; lastKnownFileType = sourcecode.c.h; path = Serial.h; sourceTree = "<group>"; };
		F01F59762DD0181C0010B44D /* BCM2835AuxUART.h */ = {isa = PBXFileReference; lastKnownFileType = sourcecode.c.h; path = BCM2835AuxUART.h; sourceTree = "<group>"; };
		F01F59772DD0181C0010B44D /* PL011UART.h */ = {isa = PBXFileReference; lastKnownFileType = sourcecode.c.h; path = PL011UART.h; sourceTree = "<group>"; };
		F01F59782DD0181C0010B44D /* stddef.h */ = {isa = PBXFileReference; lastKnownFileType = sourcecode.c.h; path = stddef.h; sourceTree = "<group>"; };
		F01F597B2DD0181C0010B44D /* DiskImage.h */ = {isa = PBXFileReference; lastKnownFileType = sourcecode.c.h; path = DiskImage.h; sourceTree = "<group>"; };
		F01F597C2DD0181C0010B44D /* Config.h */ = {isa = PBXFileReference; lastKnownFileType = sourcecode.c.h; path = Config.h; sourceTree = "<group>"; };
		F01F597D2DD0181C0010B44D /* KernelCache.h */ = {isa = PBXFileReference; lastKnownFileType = sourcecode.c.h; path = KernelCache.h; sourceTree = "<group>"; };
		F01F597E2DD0181C0010B44D /* BootArgs.h */ = {isa = PBXFileReference; lastKnownFileType = sourcecode.c.h; path = BootArgs.h; sourceTree = "<group>"; };
		F01F597F2DD0181C0010B44D /* BootArgsARM.h */ = {isa = PBXFileReference; lastKnownFileType = sourcecode.c.h; path = BootArgsARM.h; sourceTree = "<group>"; };
		F01F59812DD0181C0010B44D /* BTree.h */ = {isa = PBXFileReference; lastKnownFileType = sourcecode.c.h; path = BTree.h; sourceTree = "<group>"; };
		F01F59822DD0181C0010B44D /* Volume.h */ = {isa = PBXFileReference; lastKnownFileType = sourcecode.c.h; path = Volume.h; sourceTree = "<group>"; };
		F01F59832DD0181C0010B44D /* BootArgsX86.h */ = {isa = PBXFileReference; lastKnownFileType = sourcecode.c.h; path = BootArgsX86.h; sourceTree = "<group>"; };
		F01F59842DD0181C0010B44D /* MachO.h */ = {isa = PBXFileReference; lastKnownFileType = sourcecode.c.h; path = MachO.h; sourceTree = "<group>"; };
		F01F59852DD0181C0010B44D /* Bless.h */ = {isa = PBXFileReference; lastKnownFileType = sourcecode.c.h; path = Bless.h; sourceTree = "<group>"; };
		F01F59882DD0181C0010B44D /* XSDT.h */ = {isa = PBXFileReference; lastKnownFileType = sourcecode.c.h; path = XSDT.h; sourceTree = "<group>"; };
		F01F59892DD0181C0010B44D /* Header.h */ = {isa = PBXFileReference; lastKnownFileType = sourcecode.c.h; path = Header.h; sourceTree = "<group>"; };
		F01F598A2DD0181C0010B44D /* MCFG.h */ = {isa = PBXFileReference; lastKnownFileType = sourcecode.c.h; path = MCFG.h; sourceTree = "<group>"; };
		F01F598B2DD0181C0010B44D /* RSDT.h */ = {isa = PBXFileReference; lastKnownFileType = sourcecode.c.h; path = RSDT.h; sourceTree = "<group>"; };
		F01F598C2DD0181C0010B44D /* RSDP.h */ = {isa = PBXFileReference; lastKnownFileType = sourcecode.c.h; path = RSDP.h; sourceTree = "<group>"; };
		F01F598D2DD0181C0010B44D /* BGRT.h */ = {isa = PBXFileReference; lastKnownFileType = sourcecode.c.h; path = BGRT.h; sourceTree = "<group>"; };
		F01F598E2DD0181C0010B44D /* GUID.h */ = {isa = PBXFileReference; lastKnownFileType = sourcecode.c.h; path = GUID.h; sourceTree = "<group>"; };
		F01F598F2DD0181C0010B44D /* ACPI.h */ = {isa = PBXFileReference; lastKnownFileType = sourcecode.c.h; path = ACPI.h; sourceTree = "<group>"; };
		F01F59912DD0181C0010B44D /* SoC.h */ = {isa = PBXFileReference; lastKnownFileType = sourcecode.c.h; path = SoC.h; sourceTree = "<group>"; };
		F01F59932DD0181C0010B44D /* MemoryMap.h */ = {isa = PBXFileReference; lastKnownFileType = sourcecode.c.h; path = MemoryMap.h; sourceTree = "<group>"; };
		F01F59962DD0181C0010B44D /* DMARegs.h */ = {isa = PBXFileReference; lastKnownFileType = sourcecode.c.h; path = DMARegs.h; sourceTree = "<group>"; };
		F01F59972DD0181C0010B44D /* MailboxRegs.h */ = {isa = PBXFileReference; lastKnownFileType = sourcecode.c.h; path = MailboxRegs.h; sourceTree = "<group>"; };
		F01F59982DD0181C0010B44D /* MemoryMap.h */ = {isa = PBXFileReference; lastKnownFileType = sourcecode.c.h; path = MemoryMap.h; sourceTree = "<group>"; };
		F01F59992DD0181C0010B44D /* Peripherals.h */ = {isa = PBXFileReference; lastKnownFileType = sourcecode.c.h; path = Peripherals.h; sourceTree = "<group>"; };
		F01F599B2DD0181C0010B44D /* MemoryMap.h */ = {isa = PBXFileReference; lastKnownFileType = sourcecode.c.h; path = MemoryMap.h; sourceTree = "<group>"; };
		F01F599C2DD0181C0010B44D /* Peripherals.h */ = {isa = PBXFileReference; lastKnownFileType = sourcecode.c.h; path = Peripherals.h; sourceTree = "<group>"; };
		F01F599E2DD0181C0010B44D /* MemoryMap.h */ = {isa = PBXFileReference; lastKnownFileType = sourcecode.c.h; path = MemoryMap.h; sourceTree = "<group>"; };
		F01F599F2DD0181C0010B44D /* Peripherals.h */ = {isa = PBXFileReference; lastKnownFileType = sourcecode.c.h; path = Peripherals.h; sourceTree = "<group>"; };
		F01F59A02DD0181C0010B44D /* Board.h */ = {isa = PBXFileReference; lastKnownFileType = sourcecode.c.h; path = Board.h; sourceTree = "<group>"; };
		F01F59A22DD0181C0010B44D /* SMBIOS.h */ = {isa = PBXFileReference; lastKnownFileType = sourcecode.c.h; path = SMBIOS.h; sourceTree = "<group>"; };
		F01F59A42DD0181C0010B44D /* Header.h */ = {isa = PBXFileReference; lastKnownFileType = sourcecode.c.h; path = Header.h; sourceTree = "<group>"; };
		F01F59A52DD0181C0010B44D /* ReservedMemory.h */ = {isa = PBXFileReference; lastKnownFileType = sourcecode.c.h; path = ReservedMemory.h; sourceTree = "<group>"; };
		F01F59A62DD0181C0010B44D /* Token.h */ = {isa = PBXFileReference; lastKnownFileType = sourcecode.c.h; path = Token.h; sourceTree = "<group>"; };
		F01F59A92DD0181C0010B44D /* Regs.h */ = {isa = PBXFileReference; lastKnownFileType = sourcecode.c.h; path = Regs.h; sourceTree = "<group>"; };
		F01F59AB2DD0181C0010B44D /* CPUID.h */ = {isa = PBXFileReference; lastKnownFileType = sourcecode.c.h; path = CPUID.h; sourceTree = "<group>"; };
		F01F59AC2DD0181C0010B44D /* MSR.h */ = {isa = PBXFileReference; lastKnownFileType = sourcecode.c.h; path = MSR.h; sourceTree = "<group>"; };
		F01F59AF2DD0181C0010B44D /* GPT.h */ = {isa = PBXFileReference; lastKnownFileType = sourcecode.c.h; path = GPT.h; sourceTree = "<group>"; };
		F01F59B02DD0181C0010B44D /* FDisk.h */ = {isa = PBXFileReference; lastKnownFileType = sourcecode.c.h; path = FDisk.h; sourceTree = "<group>"; };
		F01F59B22DD0181C0010B44D /* MIDR.h */ = {isa = PBXFileReference; lastKnownFileType = sourcecode.c.h; path = MIDR.h; sourceTree = "<group>"; };
		F01F59B52DD0181C0010B44D /* SystemTable.h */ = {isa = PBXFileReference; lastKnownFileType = sourcecode.c.h; path = SystemTable.h; sourceTree = "<group>"; };
		F01F59B62DD0181C0010B44D /* Header.h */ = {isa = PBXFileReference; lastKnownFileType = sourcecode.c.h; path = Header.h; sourceTree = "<group>"; };
		F01F59B72DD0181C0010B44D /* ConfigurationTable.h */ = {isa = PBXFileReference; lastKnownFileType = sourcecode.c.h; path = ConfigurationTable.h; sourceTree = "<group>"; };
		F01F59B82DD0181C0010B44D /* MemoryAttributesTable.h */ = {isa = PBXFileReference; lastKnownFileType = sourcecode.c.h; path = MemoryAttributesTable.h; sourceTree = "<group>"; };
		F01F59B92DD0181C0010B44D /* CapsuleTable.h */ = {isa = PBXFileReference; lastKnownFileType = sourcecode.c.h; path = CapsuleTable.h; sourceTree = "<group>"; };
		F01F59BA2DD0181C0010B44D /* RuntimeServices.h */ = {isa = PBXFileReference; lastKnownFileType = sourcecode.c.h; path = RuntimeServices.h; sourceTree = "<group>"; };
		F01F59BB2DD0181C0010B44D /* BootServices.h */ = {isa = PBXFileReference; lastKnownFileType = sourcecode.c.h; path = BootServices.h; sourceTree = "<group>"; };
		F01F59BC2DD0181C0010B44D /* Protocols.h */ = {isa = PBXFileReference; lastKnownFileType = sourcecode.c.h; path = Protocols.h; sourceTree = "<group>"; };
		F01F59BE2DD0181C0010B44D /* Time.h */ = {isa = PBXFileReference; lastKnownFileType = sourcecode.c.h; path = Time.h; sourceTree = "<group>"; };
		F01F59BF2DD0181C0010B44D /* Status.h */ = {isa = PBXFileReference; lastKnownFileType = sourcecode.c.h; path = Status.h; sourceTree = "<group>"; };
		F01F59C02DD0181C0010B44D /* TaskPriorityLevel.h */ = {isa = PBXFileReference; lastKnownFileType = sourcecode.c.h; path = TaskPriorityLevel.h; sourceTree = "<group>"; };
		F01F59C12DD0181C0010B44D /* Event.h */ = {isa = PBXFileReference; lastKnownFileType = sourcecode.c.h; path = Event.h; sourceTree = "<group>"; };
		F01F59C22DD0181C0010B44D /* Misc.h */ = {isa = PBXFileReference; lastKnownFileType = sourcecode.c.h; path = Misc.h; sourceTree = "<group>"; };
		F01F59C32DD0181C0010B44D /* Address.h */ = {isa = PBXFileReference; lastKnownFileType = sourcecode.c.h; path = Address.h; sourceTree = "<group>"; };
		F01F59C42DD0181C0010B44D /* GUID.h */ = {isa = PBXFileReference; lastKnownFileType = sourcecode.c.h; path = GUID.h; sourceTree = "<group>"; };
		F01F59C52DD0181C0010B44D /* Network.h */ = {isa = PBXFileReference; lastKnownFileType = sourcecode.c.h; path = Network.h; sourceTree = "<group>"; };
		F01F59C62DD0181C0010B44D /* Handle.h */ = {isa = PBXFileReference; lastKnownFileType = sourcecode.c.h; path = Handle.h; sourceTree = "<group>"; };
		F01F59C72DD0181C0010B44D /* Capsule.h */ = {isa = PBXFileReference; lastKnownFileType = sourcecode.c.h; path = Capsule.h; sourceTree = "<group>"; };
		F01F59C82DD0181C0010B44D /* Memory.h */ = {isa = PBXFileReference; lastKnownFileType = sourcecode.c.h; path = Memory.h; sourceTree = "<group>"; };
		F01F59C92DD0181C0010B44D /* InputKey.h */ = {isa = PBXFileReference; lastKnownFileType = sourcecode.c.h; path = InputKey.h; sourceTree = "<group>"; };
		F01F59CA2DD0181C0010B44D /* Types.h */ = {isa = PBXFileReference; lastKnownFileType = sourcecode.c.h; path = Types.h; sourceTree = "<group>"; };
		F01F59CB2DD0181C0010B44D /* GUID.h */ = {isa = PBXFileReference; lastKnownFileType = sourcecode.c.h; path = GUID.h; sourceTree = "<group>"; };
		F01F59CC2DD0181C0010B44D /* BootManager.h */ = {isa = PBXFileReference; lastKnownFileType = sourcecode.c.h; path = BootManager.h; sourceTree = "<group>"; };
		F01F59CD2DD0181C0010B44D /* Tables.h */ = {isa = PBXFileReference; lastKnownFileType = sourcecode.c.h; path = Tables.h; sourceTree = "<group>"; };
		F01F59CE2DD0181C0010B44D /* EFI.h */ = {isa = PBXFileReference; lastKnownFileType = sourcecode.c.h; path = EFI.h; sourceTree = "<group>"; };
		F01F59D02DD0181C0010B44D /* LoadedImage.h */ = {isa = PBXFileReference; lastKnownFileType = sourcecode.c.h; path = LoadedImage.h; sourceTree = "<group>"; };
		F01F59D12DD0181C0010B44D /* SimpleFileSystem.h */ = {isa = PBXFileReference; lastKnownFileType = sourcecode.c.h; path = SimpleFileSystem.h; sourceTree = "<group>"; };
		F01F59D22DD0181C0010B44D /* File.h */ = {isa = PBXFileReference; lastKnownFileType = sourcecode.c.h; path = File.h; sourceTree = "<group>"; };
		F01F59D32DD0181C0010B44D /* BlockIO.h */ = {isa = PBXFileReference; lastKnownFileType = sourcecode.c.h; path = BlockIO.h; sourceTree = "<group>"; };
		F01F59D42DD0181C0010B44D /* DevicePath.h */ = {isa = PBXFileReference; lastKnownFileType = sourcecode.c.h; path = DevicePath.h; sourceTree = "<group>"; };
		F01F59D52DD0181C0010B44D /* GOP.h */ = {isa = PBXFileReference; lastKnownFileType = sourcecode.c.h; path = GOP.h; sourceTree = "<group>"; };
		F01F59D62DD0181C0010B44D /* LoadFile.h */ = {isa = PBXFileReference; lastKnownFileType = sourcecode.c.h; path = LoadFile.h; sourceTree = "<group>"; };
		F01F59D72DD0181C0010B44D /* SimpleText.h */ = {isa = PBXFileReference; lastKnownFileType = sourcecode.c.h; path = SimpleText.h; sourceTree = "<group>"; };
		F01F59D82DD0181C0010B44D /* builtins.h */ = {isa = PBXFileReference; lastKnownFileType = sourcecode.c.h; path = builtins.h; sourceTree = "<group>"; };
		F01F59DB2DD0181C0010B44D /* 5.h */ = {isa = PBXFileReference; lastKnownFileType = sourcecode.c.h; path = 5.h; sourceTree = "<group>"; };
		F01F59DC2DD0181C0010B44D /* 3BPlus.h */ = {isa = PBXFileReference; lastKnownFileType = sourcecode.c.h; path = 3BPlus.h; sourceTree = "<group>"; };
		F01F59DD2DD0181C0010B44D /* MMIOAccess.h */ = {isa = PBXFileReference; lastKnownFileType = sourcecode.c.h; path = MMIOAccess.h; sourceTree = "<group>"; };
		F01F59E02DD0181C0010B44D /* MemoryMap.h */ = {isa = PBXFileReference; lastKnownFileType = sourcecode.c.h; path = MemoryMap.h; sourceTree = "<group>"; };
		F01F59E12DD0181C0010B44D /* Board.h */ = {isa = PBXFileReference; lastKnownFileType = sourcecode.c.h; path = Board.h; sourceTree = "<group>"; };
		F01F59E32DD0181C0010B44D /* MemoryMap.h */ = {isa = PBXFileReference; lastKnownFileType = sourcecode.c.h; path = MemoryMap.h; sourceTree = "<group>"; };
		F01F59E42DD0181C0010B44D /* VMQEMU.h */ = {isa = PBXFileReference; lastKnownFileType = sourcecode.c.h; path = VMQEMU.h; sourceTree = "<group>"; };
		F01F59E52DD0181C0010B44D /* stdbool.h */ = {isa = PBXFileReference; lastKnownFileType = sourcecode.c.h; path = stdbool.h; sourceTree = "<group>"; };
		F01F59E72DD0181C0010B44D /* Foundation.h */ = {isa = PBXFileReference; lastKnownFileType = sourcecode.c.h; path = Foundation.h; sourceTree = "<group>"; };
		F01F59EA2DD0181C0010B44D /* VMSAv7.h */ = {isa = PBXFileReference; lastKnownFileType = sourcecode.c.h; path = VMSAv7.h; sourceTree = "<group>"; };
		F01F59EB2DD0181C0010B44D /* MMU.h */ = {isa = PBXFileReference; lastKnownFileType = sourcecode.c.h; path = MMU.h; sourceTree = "<group>"; };
		F01F59EC2DD0181C0010B44D /* IRQ.h */ = {isa = PBXFileReference; lastKnownFileType = sourcecode.c.h; path = IRQ.h; sourceTree = "<group>"; };
		F01F59ED2DD0181C0010B44D /* Board.h */ = {isa = PBXFileReference; lastKnownFileType = sourcecode.c.h; path = Board.h; sourceTree = "<group>"; };
		F01F59EE2DD0181C0010B44D /* stdarg.h */ = {isa = PBXFileReference; lastKnownFileType = sourcecode.c.h; path = stdarg.h; sourceTree = "<group>"; };
		F01F59EF2DD0181C0010B44D /* stdint.h */ = {isa = PBXFileReference; lastKnownFileType = sourcecode.c.h; path = stdint.h; sourceTree = "<group>"; };
		F01F59F02DD0181C0010B44D /* string.h */ = {isa = PBXFileReference; lastKnownFileType = sourcecode.c.h; path = string.h; sourceTree = "<group>"; };
		F01F59F42DD0181C0010B44D /* init.c */ = {isa = PBXFileReference; lastKnownFileType = sourcecode.c.c; path = init.c; sourceTree = "<group>"; };
		F01F59F52DD0181C0010B44D /* link.ld */ = {isa = PBXFileReference; lastKnownFileType = text; path = link.ld; sourceTree = "<group>"; };
		F01F59F62DD0181C0010B44D /* quickmboxmsg.c */ = {isa = PBXFileReference; lastKnownFileType = sourcecode.c.c; path = quickmboxmsg.c; sourceTree = "<group>"; };
		F01F59F72DD0181C0010B44D /* Devices.c */ = {isa = PBXFileReference; lastKnownFileType = sourcecode.c.c; path = Devices.c; sourceTree = "<group>"; };
		F01F59F82DD0181C0010B44D /* init.s */ = {isa = PBXFileReference; lastKnownFileType = sourcecode.asm; path = init.s; sourceTree = "<group>"; };
		F01F59F92DD0181C0010B44D /* Data.c */ = {isa = PBXFileReference; lastKnownFileType = sourcecode.c.c; path = Data.c; sourceTree = "<group>"; };
		F01F59FB2DD0181C0010B44D /* MMIOAccess.c */ = {isa = PBXFileReference; lastKnownFileType = sourcecode.c.c; path = MMIOAccess.c; sourceTree = "<group>"; };
		F01F59FC2DD0181C0010B44D /* halt_arm64.s */ = {isa = PBXFileReference; lastKnownFileType = sourcecode.asm; path = halt_arm64.s; sourceTree = "<group>"; };
		F01F59FD2DD0181C0010B44D /* halt_armv7.s */ = {isa = PBXFileReference; lastKnownFileType = sourcecode.asm; path = halt_armv7.s; sourceTree = "<group>"; };
		F01F59FE2DD0181C0010B44D /* halt_armv6.s */ = {isa = PBXFileReference; lastKnownFileType = sourcecode.asm; path = halt_armv6.s; sourceTree = "<group>"; };
		F01F59FF2DD0181C0010B44D /* halt_armv6k.s */ = {isa = PBXFileReference; lastKnownFileType = sourcecode.asm; path = halt_armv6k.s; sourceTree = "<group>"; };
		F01F5A022DD0181C0010B44D /* init.c */ = {isa = PBXFileReference; lastKnownFileType = sourcecode.c.c; path = init.c; sourceTree = "<group>"; };
		F01F5A032DD0181C0010B44D /* link.ld */ = {isa = PBXFileReference; lastKnownFileType = text; path = link.ld; sourceTree = "<group>"; };
		F01F5A042DD0181C0010B44D /* Devices.c */ = {isa = PBXFileReference; lastKnownFileType = sourcecode.c.c; path = Devices.c; sourceTree = "<group>"; };
		F01F5A052DD0181C0010B44D /* init.s */ = {isa = PBXFileReference; lastKnownFileType = sourcecode.asm; path = init.s; sourceTree = "<group>"; };
		F01F5A072DD0181C0010B44D /* init.c */ = {isa = PBXFileReference; lastKnownFileType = sourcecode.c.c; path = init.c; sourceTree = "<group>"; };
		F01F5A082DD0181C0010B44D /* oneshot_dt.c */ = {isa = PBXFileReference; lastKnownFileType = sourcecode.c.c; path = oneshot_dt.c; sourceTree = "<group>"; };
		F01F5A092DD0181C0010B44D /* init.s */ = {isa = PBXFileReference; lastKnownFileType = sourcecode.asm; path = init.s; sourceTree = "<group>"; };
		F01F5A0D2DD0181C0010B44D /* bcm2835-aux-con.c */ = {isa = PBXFileReference; lastKnownFileType = sourcecode.c.c; path = "bcm2835-aux-con.c"; sourceTree = "<group>"; };
		F01F5A0F2DD0181C0010B44D /* arm-pl011.c */ = {isa = PBXFileReference; lastKnownFileType = sourcecode.c.c; path = "arm-pl011.c"; sourceTree = "<group>"; };
		F01F5A102DD0181C0010B44D /* bcm2835-aux-uart.c */ = {isa = PBXFileReference; lastKnownFileType = sourcecode.c.c; path = "bcm2835-aux-uart.c"; sourceTree = "<group>"; };
		F01F5A122DD0181C0010B44D /* Init.c */ = {isa = PBXFileReference; lastKnownFileType = sourcecode.c.c; path = Init.c; sourceTree = "<group>"; };
		F01F5A132DD0181C0010B44D /* PlatformDevice.c */ = {isa = PBXFileReference; lastKnownFileType = sourcecode.c.c; path = PlatformDevice.c; sourceTree = "<group>"; };
		F01F5A142DD0181C0010B44D /* PageMapperARMv7.c */ = {isa = PBXFileReference; lastKnownFileType = sourcecode.c.c; path = PageMapperARMv7.c; sourceTree = "<group>"; };
		F01F5A152DD0181C0010B44D /* MMIODevice.c */ = {isa = PBXFileReference; lastKnownFileType = sourcecode.c.c; path = MMIODevice.c; sourceTree = "<group>"; };
		F01F5A162DD0181C0010B44D /* Foundation.c */ = {isa = PBXFileReference; lastKnownFileType = sourcecode.c.c; path = Foundation.c; sourceTree = "<group>"; };
		F01F5A172DD0181C0010B44D /* MemoryOps.c */ = {isa = PBXFileReference; lastKnownFileType = sourcecode.c.c; path = MemoryOps.c; sourceTree = "<group>"; };
		F01F5A1F2DD018AF0010B44D /* libCoreDarwinBoot.a */ = {isa = PBXFileReference; explicitFileType = archive.ar; includeInIndex = 0; path = libCoreDarwinBoot.a; sourceTree = BUILT_PRODUCTS_DIR; };
		F01F5A3A2DD01D960010B44D /* InterruptController.h */ = {isa = PBXFileReference; lastKnownFileType = sourcecode.c.h; path = InterruptController.h; sourceTree = "<group>"; };
		F01F5A3D2DD01FB80010B44D /* IRQ.c */ = {isa = PBXFileReference; lastKnownFileType = sourcecode.c.c; path = IRQ.c; sourceTree = "<group>"; };
		F01F5A3F2DD0206E0010B44D /* ExceptionLevel.h */ = {isa = PBXFileReference; lastKnownFileType = sourcecode.c.h; path = ExceptionLevel.h; sourceTree = "<group>"; };
		F072682D2CC5A130004D2F6D /* README.md */ = {isa = PBXFileReference; lastKnownFileType = net.daringfireball.markdown; path = README.md; sourceTree = "<group>"; };
		F08D5F7A2CC0506200F9FD8E /* DarwinBootJS */ = {isa = PBXFileReference; explicitFileType = "compiled.mach-o.executable"; includeInIndex = 0; path = DarwinBootJS; sourceTree = BUILT_PRODUCTS_DIR; };
/* End PBXFileReference section */

/* Begin PBXFrameworksBuildPhase section */
		F01F5A1D2DD018AF0010B44D /* Frameworks */ = {
			isa = PBXFrameworksBuildPhase;
			buildActionMask = 2147483647;
			files = (
			);
			runOnlyForDeploymentPostprocessing = 0;
		};
		F08D5F772CC0506200F9FD8E /* Frameworks */ = {
			isa = PBXFrameworksBuildPhase;
			buildActionMask = 2147483647;
			files = (
			);
			runOnlyForDeploymentPostprocessing = 0;
		};
/* End PBXFrameworksBuildPhase section */

/* Begin PBXGroup section */
		F01F59332DD0181C0010B44D /* DarwinBoot */ = {
			isa = PBXGroup;
			children = (
				F01F59F12DD0181C0010B44D /* ARM */,
				F01F59342DD0181C0010B44D /* CoreDarwinBoot */,
				F01F59582DD0181C0010B44D /* UEFI */,
				F01F59642DD0181C0010B44D /* include */,
			);
			path = DarwinBoot;
			sourceTree = "<group>";
		};
		F01F59342DD0181C0010B44D /* CoreDarwinBoot */ = {
			isa = PBXGroup;
			children = (
				F01F59352DD0181C0010B44D /* libc */,
				F01F594C2DD0181C0010B44D /* Platform */,
				F01F59552DD0181C0010B44D /* DeviceTree.c */,
				F01F59562DD0181C0010B44D /* BootArgs.c */,
				F01F59572DD0181C0010B44D /* Globals.c */,
			);
			path = CoreDarwinBoot;
			sourceTree = "<group>";
		};
		F01F59352DD0181C0010B44D /* libc */ = {
			isa = PBXGroup;
			children = (
				F01F59362DD0181C0010B44D /* ctype */,
				F01F59382DD0181C0010B44D /* stdio */,
				F01F593E2DD0181C0010B44D /* stdlib */,
				F01F59462DD0181C0010B44D /* string */,
			);
			path = libc;
			sourceTree = "<group>";
		};
		F01F59362DD0181C0010B44D /* ctype */ = {
			isa = PBXGroup;
			children = (
				F01F59372DD0181C0010B44D /* ctype.c */,
			);
			path = ctype;
			sourceTree = "<group>";
		};
		F01F59382DD0181C0010B44D /* stdio */ = {
			isa = PBXGroup;
			children = (
				F01F59392DD0181C0010B44D /* printf.c */,
				F01F593A2DD0181C0010B44D /* vprintf.c */,
				F01F593B2DD0181C0010B44D /* snprintf.c */,
				F01F593C2DD0181C0010B44D /* stdio_internal.h */,
				F01F593D2DD0181C0010B44D /* vsnprintf.c */,
			);
			path = stdio;
			sourceTree = "<group>";
		};
		F01F593E2DD0181C0010B44D /* stdlib */ = {
			isa = PBXGroup;
			children = (
				F01F593F2DD0181C0010B44D /* atoi.c */,
				F01F59402DD0181C0010B44D /* AllocWatchdog.c */,
				F01F59412DD0181C0010B44D /* realloc.c */,
				F01F59422DD0181C0010B44D /* free.c */,
				F01F59432DD0181C0010B44D /* malloc.c */,
				F01F59442DD0181C0010B44D /* AllocWatchdog.h */,
				F01F59452DD0181C0010B44D /* stdlib_internal.h */,
			);
			path = stdlib;
			sourceTree = "<group>";
		};
		F01F59462DD0181C0010B44D /* string */ = {
			isa = PBXGroup;
			children = (
				F01F59472DD0181C0010B44D /* memcpy.c */,
				F01F59482DD0181C0010B44D /* memcmp.c */,
				F01F59492DD0181C0010B44D /* strlen.c */,
				F01F594A2DD0181C0010B44D /* memset.c */,
				F01F594B2DD0181C0010B44D /* memchr.c */,
			);
			path = string;
			sourceTree = "<group>";
		};
		F01F594C2DD0181C0010B44D /* Platform */ = {
			isa = PBXGroup;
			children = (
				F01F594D2DD0181C0010B44D /* ACPI */,
				F01F594F2DD0181C0010B44D /* SMBIOS */,
				F01F59512DD0181C0010B44D /* x86 */,
				F01F59532DD0181C0010B44D /* ARM */,
			);
			path = Platform;
			sourceTree = "<group>";
		};
		F01F594D2DD0181C0010B44D /* ACPI */ = {
			isa = PBXGroup;
			children = (
				F01F594E2DD0181C0010B44D /* ACPIGlobals.c */,
			);
			path = ACPI;
			sourceTree = "<group>";
		};
		F01F594F2DD0181C0010B44D /* SMBIOS */ = {
			isa = PBXGroup;
			children = (
				F01F59502DD0181C0010B44D /* SMBIOS.c */,
			);
			path = SMBIOS;
			sourceTree = "<group>";
		};
		F01F59512DD0181C0010B44D /* x86 */ = {
			isa = PBXGroup;
			children = (
				F01F59522DD0181C0010B44D /* CPUInfo.c */,
			);
			path = x86;
			sourceTree = "<group>";
		};
		F01F59532DD0181C0010B44D /* ARM */ = {
			isa = PBXGroup;
			children = (
				F01F59542DD0181C0010B44D /* CPUInfo.c */,
			);
			path = ARM;
			sourceTree = "<group>";
		};
		F01F59582DD0181C0010B44D /* UEFI */ = {
			isa = PBXGroup;
			children = (
				F01F59592DD0181C0010B44D /* JumpStart */,
				F01F595B2DD0181C0010B44D /* Platform */,
				F01F59602DD0181C0010B44D /* HFS */,
				F01F59622DD0181C0010B44D /* DiskBoot */,
			);
			path = UEFI;
			sourceTree = "<group>";
		};
		F01F59592DD0181C0010B44D /* JumpStart */ = {
			isa = PBXGroup;
			children = (
				F01F595A2DD0181C0010B44D /* main.c */,
			);
			path = JumpStart;
			sourceTree = "<group>";
		};
		F01F595B2DD0181C0010B44D /* Platform */ = {
			isa = PBXGroup;
			children = (
				F01F595C2DD0181C0010B44D /* EFI */,
			);
			path = Platform;
			sourceTree = "<group>";
		};
		F01F595C2DD0181C0010B44D /* EFI */ = {
			isa = PBXGroup;
			children = (
				F01F595D2DD0181C0010B44D /* EFIInit.c */,
				F01F595E2DD0181C0010B44D /* vprintf.c */,
				F01F595F2DD0181C0010B44D /* malloc.c */,
			);
			path = EFI;
			sourceTree = "<group>";
		};
		F01F59602DD0181C0010B44D /* HFS */ = {
			isa = PBXGroup;
			children = (
				F01F59612DD0181C0010B44D /* HfsDxe.c */,
			);
			path = HFS;
			sourceTree = "<group>";
		};
		F01F59622DD0181C0010B44D /* DiskBoot */ = {
			isa = PBXGroup;
			children = (
				F01F59632DD0181C0010B44D /* main.c */,
			);
			path = DiskBoot;
			sourceTree = "<group>";
		};
		F01F59642DD0181C0010B44D /* include */ = {
			isa = PBXGroup;
			children = (
				F01F59652DD0181C0010B44D /* CoreDarwinBoot */,
				F01F59702DD0181C0010B44D /* Drivers */,
				F01F59782DD0181C0010B44D /* stddef.h */,
				F01F59792DD0181C0010B44D /* Platform */,
				F01F59D82DD0181C0010B44D /* builtins.h */,
				F01F59D92DD0181C0010B44D /* Machine */,
				F01F59E52DD0181C0010B44D /* stdbool.h */,
				F01F59E62DD0181C0010B44D /* CorePlatform */,
				F01F59EE2DD0181C0010B44D /* stdarg.h */,
				F01F59EF2DD0181C0010B44D /* stdint.h */,
				F01F59F02DD0181C0010B44D /* string.h */,
			);
			path = include;
			sourceTree = "<group>";
		};
		F01F59652DD0181C0010B44D /* CoreDarwinBoot */ = {
			isa = PBXGroup;
			children = (
				F01F59662DD0181C0010B44D /* Crypto */,
				F01F59692DD0181C0010B44D /* CDBBasicTypes.h */,
				F01F596A2DD0181C0010B44D /* libc_compat.h */,
				F01F596B2DD0181C0010B44D /* CPUInfo.h */,
				F01F596C2DD0181C0010B44D /* CoreDarwinBoot.h */,
				F01F596D2DD0181C0010B44D /* BootArgs.h */,
				F01F596E2DD0181C0010B44D /* DeviceTree.h */,
				F01F596F2DD0181C0010B44D /* Bootability.h */,
			);
			path = CoreDarwinBoot;
			sourceTree = "<group>";
		};
		F01F59662DD0181C0010B44D /* Crypto */ = {
			isa = PBXGroup;
			children = (
				F01F59672DD0181C0010B44D /* Crypto.h */,
				F01F59682DD0181C0010B44D /* CoreCrypto.h */,
			);
			path = Crypto;
			sourceTree = "<group>";
		};
		F01F59702DD0181C0010B44D /* Drivers */ = {
			isa = PBXGroup;
			children = (
				F01F59712DD0181C0010B44D /* Platform */,
				F01F59752DD0181C0010B44D /* Serial */,
				F01F59732DD0181C0010B44D /* Driver.h */,
				F01F59742DD0181C0010B44D /* Serial.h */,
				F01F5A3A2DD01D960010B44D /* InterruptController.h */,
			);
			path = Drivers;
			sourceTree = "<group>";
		};
		F01F59712DD0181C0010B44D /* Platform */ = {
			isa = PBXGroup;
			children = (
				F01F59722DD0181C0010B44D /* BCM2835AuxController.h */,
			);
			path = Platform;
			sourceTree = "<group>";
		};
		F01F59752DD0181C0010B44D /* Serial */ = {
			isa = PBXGroup;
			children = (
				F01F59762DD0181C0010B44D /* BCM2835AuxUART.h */,
				F01F59772DD0181C0010B44D /* PL011UART.h */,
			);
			path = Serial;
			sourceTree = "<group>";
		};
		F01F59792DD0181C0010B44D /* Platform */ = {
			isa = PBXGroup;
			children = (
				F01F597A2DD0181C0010B44D /* Apple */,
				F01F59862DD0181C0010B44D /* ACPI */,
				F01F59902DD0181C0010B44D /* SoC */,
				F01F59A12DD0181C0010B44D /* SMBIOS */,
				F01F59A32DD0181C0010B44D /* FDT */,
				F01F59A72DD0181C0010B44D /* PrimeCell */,
				F01F59AA2DD0181C0010B44D /* x86 */,
				F01F59AD2DD0181C0010B44D /* Generic */,
				F01F59B12DD0181C0010B44D /* ARM */,
				F01F59B32DD0181C0010B44D /* EFI */,
			);
			path = Platform;
			sourceTree = "<group>";
		};
		F01F597A2DD0181C0010B44D /* Apple */ = {
			isa = PBXGroup;
			children = (
				F01F597E2DD0181C0010B44D /* BootArgs.h */,
				F01F597F2DD0181C0010B44D /* BootArgsARM.h */,
				F01F59832DD0181C0010B44D /* BootArgsX86.h */,
				F01F59852DD0181C0010B44D /* Bless.h */,
				F01F597C2DD0181C0010B44D /* Config.h */,
				F01F597B2DD0181C0010B44D /* DiskImage.h */,
				F01F597D2DD0181C0010B44D /* KernelCache.h */,
				F01F59842DD0181C0010B44D /* MachO.h */,
				F01F59802DD0181C0010B44D /* HFS */,
			);
			path = Apple;
			sourceTree = "<group>";
		};
		F01F59802DD0181C0010B44D /* HFS */ = {
			isa = PBXGroup;
			children = (
				F01F59812DD0181C0010B44D /* BTree.h */,
				F01F59822DD0181C0010B44D /* Volume.h */,
			);
			path = HFS;
			sourceTree = "<group>";
		};
		F01F59862DD0181C0010B44D /* ACPI */ = {
			isa = PBXGroup;
			children = (
				F01F59872DD0181C0010B44D /* Tables */,
				F01F598E2DD0181C0010B44D /* GUID.h */,
				F01F598F2DD0181C0010B44D /* ACPI.h */,
			);
			path = ACPI;
			sourceTree = "<group>";
		};
		F01F59872DD0181C0010B44D /* Tables */ = {
			isa = PBXGroup;
			children = (
				F01F59882DD0181C0010B44D /* XSDT.h */,
				F01F59892DD0181C0010B44D /* Header.h */,
				F01F598A2DD0181C0010B44D /* MCFG.h */,
				F01F598B2DD0181C0010B44D /* RSDT.h */,
				F01F598C2DD0181C0010B44D /* RSDP.h */,
				F01F598D2DD0181C0010B44D /* BGRT.h */,
			);
			path = Tables;
			sourceTree = "<group>";
		};
		F01F59902DD0181C0010B44D /* SoC */ = {
			isa = PBXGroup;
			children = (
				F01F59912DD0181C0010B44D /* SoC.h */,
				F01F59942DD0181C0010B44D /* BCM2711 */,
				F01F599D2DD0181C0010B44D /* BCM2712 */,
				F01F599A2DD0181C0010B44D /* BCM2835 */,
				F01F59922DD0181C0010B44D /* BCM2837 */,
			);
			path = SoC;
			sourceTree = "<group>";
		};
		F01F59922DD0181C0010B44D /* BCM2837 */ = {
			isa = PBXGroup;
			children = (
				F01F59932DD0181C0010B44D /* MemoryMap.h */,
			);
			path = BCM2837;
			sourceTree = "<group>";
		};
		F01F59942DD0181C0010B44D /* BCM2711 */ = {
			isa = PBXGroup;
			children = (
				F01F59952DD0181C0010B44D /* Regs */,
				F01F59982DD0181C0010B44D /* MemoryMap.h */,
				F01F59992DD0181C0010B44D /* Peripherals.h */,
			);
			path = BCM2711;
			sourceTree = "<group>";
		};
		F01F59952DD0181C0010B44D /* Regs */ = {
			isa = PBXGroup;
			children = (
				F01F59962DD0181C0010B44D /* DMARegs.h */,
				F01F59972DD0181C0010B44D /* MailboxRegs.h */,
			);
			path = Regs;
			sourceTree = "<group>";
		};
		F01F599A2DD0181C0010B44D /* BCM2835 */ = {
			isa = PBXGroup;
			children = (
				F01F599B2DD0181C0010B44D /* MemoryMap.h */,
				F01F599C2DD0181C0010B44D /* Peripherals.h */,
			);
			path = BCM2835;
			sourceTree = "<group>";
		};
		F01F599D2DD0181C0010B44D /* BCM2712 */ = {
			isa = PBXGroup;
			children = (
				F01F599E2DD0181C0010B44D /* MemoryMap.h */,
				F01F599F2DD0181C0010B44D /* Peripherals.h */,
				F01F59A02DD0181C0010B44D /* Board.h */,
			);
			path = BCM2712;
			sourceTree = "<group>";
		};
		F01F59A12DD0181C0010B44D /* SMBIOS */ = {
			isa = PBXGroup;
			children = (
				F01F59A22DD0181C0010B44D /* SMBIOS.h */,
			);
			path = SMBIOS;
			sourceTree = "<group>";
		};
		F01F59A32DD0181C0010B44D /* FDT */ = {
			isa = PBXGroup;
			children = (
				F01F59A42DD0181C0010B44D /* Header.h */,
				F01F59A52DD0181C0010B44D /* ReservedMemory.h */,
				F01F59A62DD0181C0010B44D /* Token.h */,
			);
			path = FDT;
			sourceTree = "<group>";
		};
		F01F59A72DD0181C0010B44D /* PrimeCell */ = {
			isa = PBXGroup;
			children = (
				F01F59A82DD0181C0010B44D /* PL011 */,
			);
			path = PrimeCell;
			sourceTree = "<group>";
		};
		F01F59A82DD0181C0010B44D /* PL011 */ = {
			isa = PBXGroup;
			children = (
				F01F59A92DD0181C0010B44D /* Regs.h */,
			);
			path = PL011;
			sourceTree = "<group>";
		};
		F01F59AA2DD0181C0010B44D /* x86 */ = {
			isa = PBXGroup;
			children = (
				F01F59AB2DD0181C0010B44D /* CPUID.h */,
				F01F59AC2DD0181C0010B44D /* MSR.h */,
			);
			path = x86;
			sourceTree = "<group>";
		};
		F01F59AD2DD0181C0010B44D /* Generic */ = {
			isa = PBXGroup;
			children = (
				F01F59AE2DD0181C0010B44D /* Disks */,
			);
			path = Generic;
			sourceTree = "<group>";
		};
		F01F59AE2DD0181C0010B44D /* Disks */ = {
			isa = PBXGroup;
			children = (
				F01F59AF2DD0181C0010B44D /* GPT.h */,
				F01F59B02DD0181C0010B44D /* FDisk.h */,
			);
			path = Disks;
			sourceTree = "<group>";
		};
		F01F59B12DD0181C0010B44D /* ARM */ = {
			isa = PBXGroup;
			children = (
				F01F59B22DD0181C0010B44D /* MIDR.h */,
			);
			path = ARM;
			sourceTree = "<group>";
		};
		F01F59B32DD0181C0010B44D /* EFI */ = {
			isa = PBXGroup;
			children = (
				F01F59CF2DD0181C0010B44D /* Protocols */,
				F01F59B42DD0181C0010B44D /* Tables */,
				F01F59BD2DD0181C0010B44D /* Types */,
				F01F59BC2DD0181C0010B44D /* Protocols.h */,
				F01F59CA2DD0181C0010B44D /* Types.h */,
				F01F59CB2DD0181C0010B44D /* GUID.h */,
				F01F59CC2DD0181C0010B44D /* BootManager.h */,
				F01F59CD2DD0181C0010B44D /* Tables.h */,
				F01F59CE2DD0181C0010B44D /* EFI.h */,
			);
			path = EFI;
			sourceTree = "<group>";
		};
		F01F59B42DD0181C0010B44D /* Tables */ = {
			isa = PBXGroup;
			children = (
				F01F59B52DD0181C0010B44D /* SystemTable.h */,
				F01F59B62DD0181C0010B44D /* Header.h */,
				F01F59B72DD0181C0010B44D /* ConfigurationTable.h */,
				F01F59B82DD0181C0010B44D /* MemoryAttributesTable.h */,
				F01F59B92DD0181C0010B44D /* CapsuleTable.h */,
				F01F59BA2DD0181C0010B44D /* RuntimeServices.h */,
				F01F59BB2DD0181C0010B44D /* BootServices.h */,
			);
			path = Tables;
			sourceTree = "<group>";
		};
		F01F59BD2DD0181C0010B44D /* Types */ = {
			isa = PBXGroup;
			children = (
				F01F59BE2DD0181C0010B44D /* Time.h */,
				F01F59BF2DD0181C0010B44D /* Status.h */,
				F01F59C02DD0181C0010B44D /* TaskPriorityLevel.h */,
				F01F59C12DD0181C0010B44D /* Event.h */,
				F01F59C22DD0181C0010B44D /* Misc.h */,
				F01F59C32DD0181C0010B44D /* Address.h */,
				F01F59C42DD0181C0010B44D /* GUID.h */,
				F01F59C52DD0181C0010B44D /* Network.h */,
				F01F59C62DD0181C0010B44D /* Handle.h */,
				F01F59C72DD0181C0010B44D /* Capsule.h */,
				F01F59C82DD0181C0010B44D /* Memory.h */,
				F01F59C92DD0181C0010B44D /* InputKey.h */,
			);
			path = Types;
			sourceTree = "<group>";
		};
		F01F59CF2DD0181C0010B44D /* Protocols */ = {
			isa = PBXGroup;
			children = (
				F01F59D32DD0181C0010B44D /* BlockIO.h */,
				F01F59D42DD0181C0010B44D /* DevicePath.h */,
				F01F59D22DD0181C0010B44D /* File.h */,
				F01F59D52DD0181C0010B44D /* GOP.h */,
				F01F59D02DD0181C0010B44D /* LoadedImage.h */,
				F01F59D62DD0181C0010B44D /* LoadFile.h */,
				F01F59D12DD0181C0010B44D /* SimpleFileSystem.h */,
				F01F59D72DD0181C0010B44D /* SimpleText.h */,
			);
			path = Protocols;
			sourceTree = "<group>";
		};
		F01F59D92DD0181C0010B44D /* Machine */ = {
			isa = PBXGroup;
			children = (
				F01F59DA2DD0181C0010B44D /* RPi */,
				F01F59DD2DD0181C0010B44D /* MMIOAccess.h */,
				F01F59DE2DD0181C0010B44D /* ARM */,
				F01F59E22DD0181C0010B44D /* VMQEMU */,
			);
			path = Machine;
			sourceTree = "<group>";
		};
		F01F59DA2DD0181C0010B44D /* RPi */ = {
			isa = PBXGroup;
			children = (
				F01F59DB2DD0181C0010B44D /* 5.h */,
				F01F59DC2DD0181C0010B44D /* 3BPlus.h */,
			);
			path = RPi;
			sourceTree = "<group>";
		};
		F01F59DE2DD0181C0010B44D /* ARM */ = {
			isa = PBXGroup;
			children = (
				F01F59DF2DD0181C0010B44D /* IntegratorCP */,
			);
			path = ARM;
			sourceTree = "<group>";
		};
		F01F59DF2DD0181C0010B44D /* IntegratorCP */ = {
			isa = PBXGroup;
			children = (
				F01F59E02DD0181C0010B44D /* MemoryMap.h */,
				F01F59E12DD0181C0010B44D /* Board.h */,
			);
			path = IntegratorCP;
			sourceTree = "<group>";
		};
		F01F59E22DD0181C0010B44D /* VMQEMU */ = {
			isa = PBXGroup;
			children = (
				F01F59E32DD0181C0010B44D /* MemoryMap.h */,
				F01F59E42DD0181C0010B44D /* VMQEMU.h */,
			);
			path = VMQEMU;
			sourceTree = "<group>";
		};
		F01F59E62DD0181C0010B44D /* CorePlatform */ = {
			isa = PBXGroup;
			children = (
				F01F5A3E2DD0205E0010B44D /* Arch */,
				F01F59E72DD0181C0010B44D /* Foundation.h */,
				F01F59E82DD0181C0010B44D /* MMU */,
				F01F59EC2DD0181C0010B44D /* IRQ.h */,
				F01F59ED2DD0181C0010B44D /* Board.h */,
			);
			path = CorePlatform;
			sourceTree = "<group>";
		};
		F01F59E82DD0181C0010B44D /* MMU */ = {
			isa = PBXGroup;
			children = (
				F01F59E92DD0181C0010B44D /* V7 */,
				F01F59EB2DD0181C0010B44D /* MMU.h */,
			);
			path = MMU;
			sourceTree = "<group>";
		};
		F01F59E92DD0181C0010B44D /* V7 */ = {
			isa = PBXGroup;
			children = (
				F01F59EA2DD0181C0010B44D /* VMSAv7.h */,
			);
			path = V7;
			sourceTree = "<group>";
		};
		F01F59F12DD0181C0010B44D /* ARM */ = {
			isa = PBXGroup;
			children = (
				F01F59F22DD0181C0010B44D /* Machine */,
				F01F5A0A2DD0181C0010B44D /* CorePlatform */,
			);
			path = ARM;
			sourceTree = "<group>";
		};
		F01F59F22DD0181C0010B44D /* Machine */ = {
			isa = PBXGroup;
			children = (
				F01F59F32DD0181C0010B44D /* RPi */,
				F01F59FA2DD0181C0010B44D /* Common */,
				F01F5A002DD0181C0010B44D /* ARM */,
				F01F5A062DD0181C0010B44D /* VMQEMU */,
			);
			path = Machine;
			sourceTree = "<group>";
		};
		F01F59F32DD0181C0010B44D /* RPi */ = {
			isa = PBXGroup;
			children = (
				F01F59F42DD0181C0010B44D /* init.c */,
				F01F59F52DD0181C0010B44D /* link.ld */,
				F01F59F62DD0181C0010B44D /* quickmboxmsg.c */,
				F01F59F72DD0181C0010B44D /* Devices.c */,
				F01F59F82DD0181C0010B44D /* init.s */,
				F01F59F92DD0181C0010B44D /* Data.c */,
			);
			path = RPi;
			sourceTree = "<group>";
		};
		F01F59FA2DD0181C0010B44D /* Common */ = {
			isa = PBXGroup;
			children = (
				F01F59FB2DD0181C0010B44D /* MMIOAccess.c */,
				F01F59FC2DD0181C0010B44D /* halt_arm64.s */,
				F01F59FD2DD0181C0010B44D /* halt_armv7.s */,
				F01F59FE2DD0181C0010B44D /* halt_armv6.s */,
				F01F59FF2DD0181C0010B44D /* halt_armv6k.s */,
			);
			path = Common;
			sourceTree = "<group>";
		};
		F01F5A002DD0181C0010B44D /* ARM */ = {
			isa = PBXGroup;
			children = (
				F01F5A012DD0181C0010B44D /* IntegratorCP */,
			);
			path = ARM;
			sourceTree = "<group>";
		};
		F01F5A012DD0181C0010B44D /* IntegratorCP */ = {
			isa = PBXGroup;
			children = (
				F01F5A022DD0181C0010B44D /* init.c */,
				F01F5A032DD0181C0010B44D /* link.ld */,
				F01F5A042DD0181C0010B44D /* Devices.c */,
				F01F5A052DD0181C0010B44D /* init.s */,
			);
			path = IntegratorCP;
			sourceTree = "<group>";
		};
		F01F5A062DD0181C0010B44D /* VMQEMU */ = {
			isa = PBXGroup;
			children = (
				F01F5A072DD0181C0010B44D /* init.c */,
				F01F5A082DD0181C0010B44D /* oneshot_dt.c */,
				F01F5A092DD0181C0010B44D /* init.s */,
			);
			path = VMQEMU;
			sourceTree = "<group>";
		};
		F01F5A0A2DD0181C0010B44D /* CorePlatform */ = {
			isa = PBXGroup;
			children = (
				F01F5A3B2DD01FA20010B44D /* Arch */,
				F01F5A0B2DD0181C0010B44D /* Drivers */,
				F01F5A112DD0181C0010B44D /* Foundation */,
			);
			path = CorePlatform;
			sourceTree = "<group>";
		};
		F01F5A0B2DD0181C0010B44D /* Drivers */ = {
			isa = PBXGroup;
			children = (
				F01F5A0C2DD0181C0010B44D /* Platform */,
				F01F5A0E2DD0181C0010B44D /* Serial */,
			);
			path = Drivers;
			sourceTree = "<group>";
		};
		F01F5A0C2DD0181C0010B44D /* Platform */ = {
			isa = PBXGroup;
			children = (
				F01F5A0D2DD0181C0010B44D /* bcm2835-aux-con.c */,
			);
			path = Platform;
			sourceTree = "<group>";
		};
		F01F5A0E2DD0181C0010B44D /* Serial */ = {
			isa = PBXGroup;
			children = (
				F01F5A0F2DD0181C0010B44D /* arm-pl011.c */,
				F01F5A102DD0181C0010B44D /* bcm2835-aux-uart.c */,
			);
			path = Serial;
			sourceTree = "<group>";
		};
		F01F5A112DD0181C0010B44D /* Foundation */ = {
			isa = PBXGroup;
			children = (
				F01F5A122DD0181C0010B44D /* Init.c */,
				F01F5A132DD0181C0010B44D /* PlatformDevice.c */,
				F01F5A142DD0181C0010B44D /* PageMapperARMv7.c */,
				F01F5A152DD0181C0010B44D /* MMIODevice.c */,
				F01F5A162DD0181C0010B44D /* Foundation.c */,
				F01F5A172DD0181C0010B44D /* MemoryOps.c */,
			);
			path = Foundation;
			sourceTree = "<group>";
		};
		F01F5A3B2DD01FA20010B44D /* Arch */ = {
			isa = PBXGroup;
			children = (
				F01F5A3C2DD01FA80010B44D /* arm64 */,
			);
			path = Arch;
			sourceTree = "<group>";
		};
		F01F5A3C2DD01FA80010B44D /* arm64 */ = {
			isa = PBXGroup;
			children = (
				F01F5A3D2DD01FB80010B44D /* IRQ.c */,
			);
			path = arm64;
			sourceTree = "<group>";
		};
		F01F5A3E2DD0205E0010B44D /* Arch */ = {
			isa = PBXGroup;
			children = (
				F01F5A3F2DD0206E0010B44D /* ExceptionLevel.h */,
			);
			path = Arch;
			sourceTree = "<group>";
		};
		F08D5F5A2CC04FDA00F9FD8E = {
			isa = PBXGroup;
			children = (
				F072682D2CC5A130004D2F6D /* README.md */,
				F01F59332DD0181C0010B44D /* DarwinBoot */,
				F08D5F7B2CC0506200F9FD8E /* Products */,
			);
			sourceTree = "<group>";
		};
		F08D5F7B2CC0506200F9FD8E /* Products */ = {
			isa = PBXGroup;
			children = (
				F08D5F7A2CC0506200F9FD8E /* DarwinBootJS */,
				F01F5A1F2DD018AF0010B44D /* libCoreDarwinBoot.a */,
			);
			name = Products;
			sourceTree = "<group>";
		};
/* End PBXGroup section */

/* Begin PBXHeadersBuildPhase section */
		F01F5A1B2DD018AF0010B44D /* Headers */ = {
			isa = PBXHeadersBuildPhase;
			buildActionMask = 2147483647;
			files = (
			);
			runOnlyForDeploymentPostprocessing = 0;
		};
/* End PBXHeadersBuildPhase section */

/* Begin PBXNativeTarget section */
		F01F5A1E2DD018AF0010B44D /* libCoreDarwinBoot */ = {
			isa = PBXNativeTarget;
			buildConfigurationList = F01F5A202DD018AF0010B44D /* Build configuration list for PBXNativeTarget "libCoreDarwinBoot" */;
			buildPhases = (
				F01F5A1B2DD018AF0010B44D /* Headers */,
				F01F5A1C2DD018AF0010B44D /* Sources */,
				F01F5A1D2DD018AF0010B44D /* Frameworks */,
			);
			buildRules = (
			);
			dependencies = (
			);
			name = libCoreDarwinBoot;
			productName = libCoreDarwinBoot;
			productReference = F01F5A1F2DD018AF0010B44D /* libCoreDarwinBoot.a */;
			productType = "com.apple.product-type.library.static";
		};
		F08D5F792CC0506200F9FD8E /* DarwinBootJS */ = {
			isa = PBXNativeTarget;
			buildConfigurationList = F08D5F7F2CC0506200F9FD8E /* Build configuration list for PBXNativeTarget "DarwinBootJS" */;
			buildPhases = (
				F08D5F762CC0506200F9FD8E /* Sources */,
				F08D5F772CC0506200F9FD8E /* Frameworks */,
				F08D5F782CC0506200F9FD8E /* CopyFiles */,
			);
			buildRules = (
			);
			dependencies = (
			);
			name = DarwinBootJS;
			productName = DarwinBootJS;
			productReference = F08D5F7A2CC0506200F9FD8E /* DarwinBootJS */;
			productType = "com.apple.product-type.tool";
		};
/* End PBXNativeTarget section */

/* Begin PBXProject section */
		F08D5F5B2CC04FDA00F9FD8E /* Project object */ = {
			isa = PBXProject;
			attributes = {
				LastUpgradeCheck = 1520;
				TargetAttributes = {
					F01F5A1E2DD018AF0010B44D = {
						CreatedOnToolsVersion = 11.7;
					};
					F08D5F792CC0506200F9FD8E = {
						CreatedOnToolsVersion = 15.2;
						LastSwiftMigration = 1620;
					};
				};
			};
			buildConfigurationList = F08D5F5E2CC04FDA00F9FD8E /* Build configuration list for PBXProject "DarwinBoot" */;
			compatibilityVersion = "Xcode 9.3";
			developmentRegion = en;
			hasScannedForEncodings = 0;
			knownRegions = (
				en,
				Base,
			);
			mainGroup = F08D5F5A2CC04FDA00F9FD8E;
			productRefGroup = F08D5F7B2CC0506200F9FD8E /* Products */;
			projectDirPath = "";
			projectRoot = "";
			targets = (
				F08D5F792CC0506200F9FD8E /* DarwinBootJS */,
				F01F5A1E2DD018AF0010B44D /* libCoreDarwinBoot */,
			);
		};
/* End PBXProject section */

/* Begin PBXSourcesBuildPhase section */
		F01F5A1C2DD018AF0010B44D /* Sources */ = {
			isa = PBXSourcesBuildPhase;
			buildActionMask = 2147483647;
			files = (
				F01F5A282DD018F90010B44D /* atoi.c in Sources */,
				F01F5A322DD019220010B44D /* memchr.c in Sources */,
				F01F5A362DD01B090010B44D /* BootArgs.c in Sources */,
				F01F5A252DD018EC0010B44D /* vprintf.c in Sources */,
				F01F5A312DD0191E0010B44D /* memset.c in Sources */,
				F01F5A272DD018F40010B44D /* vsnprintf.c in Sources */,
				F01F5A302DD0191A0010B44D /* strlen.c in Sources */,
				F01F5A2C2DD019080010B44D /* malloc.c in Sources */,
				F01F5A292DD018FD0010B44D /* AllocWatchdog.c in Sources */,
				F01F5A2B2DD019040010B44D /* free.c in Sources */,
				F01F5A392DD01B6D0010B44D /* ACPIGlobals.c in Sources */,
				F01F5A352DD01B050010B44D /* Globals.c in Sources */,
				F01F5A2E2DD019120010B44D /* memcpy.c in Sources */,
				F01F5A2A2DD019010010B44D /* realloc.c in Sources */,
				F01F5A372DD01B240010B44D /* SMBIOS.c in Sources */,
				F01F5A382DD01B490010B44D /* CPUInfo.c in Sources */,
				F01F5A2F2DD019160010B44D /* memcmp.c in Sources */,
				F01F5A242DD018E80010B44D /* printf.c in Sources */,
				F01F5A342DD01B010010B44D /* DeviceTree.c in Sources */,
				F01F5A232DD018E40010B44D /* ctype.c in Sources */,
				F01F5A262DD018F00010B44D /* snprintf.c in Sources */,
			);
			runOnlyForDeploymentPostprocessing = 0;
		};
		F08D5F762CC0506200F9FD8E /* Sources */ = {
			isa = PBXSourcesBuildPhase;
			buildActionMask = 2147483647;
			files = (
				F01F5A332DD01AF40010B44D /* main.c in Sources */,
				F01F5A1A2DD018920010B44D /* vprintf.c in Sources */,
				F01F5A182DD018620010B44D /* main.c in Sources */,
				F01F5A192DD018680010B44D /* malloc.c in Sources */,
			);
			runOnlyForDeploymentPostprocessing = 0;
		};
/* End PBXSourcesBuildPhase section */

/* Begin XCBuildConfiguration section */
		F01F5A212DD018AF0010B44D /* Debug */ = {
			isa = XCBuildConfiguration;
			buildSettings = {
				ALWAYS_SEARCH_USER_PATHS = NO;
				CLANG_ANALYZER_NONNULL = YES;
				CLANG_ANALYZER_NUMBER_OBJECT_CONVERSION = YES_AGGRESSIVE;
				CLANG_CXX_LANGUAGE_STANDARD = "gnu++14";
				CLANG_CXX_LIBRARY = "libc++";
				CLANG_ENABLE_MODULES = YES;
				CLANG_ENABLE_OBJC_ARC = YES;
				CLANG_ENABLE_OBJC_WEAK = YES;
				CLANG_WARN_BLOCK_CAPTURE_AUTORELEASING = YES;
				CLANG_WARN_BOOL_CONVERSION = YES;
				CLANG_WARN_COMMA = YES;
				CLANG_WARN_CONSTANT_CONVERSION = YES;
				CLANG_WARN_DEPRECATED_OBJC_IMPLEMENTATIONS = YES;
				CLANG_WARN_DIRECT_OBJC_ISA_USAGE = YES_ERROR;
				CLANG_WARN_DOCUMENTATION_COMMENTS = YES;
				CLANG_WARN_EMPTY_BODY = YES;
				CLANG_WARN_ENUM_CONVERSION = YES;
				CLANG_WARN_INFINITE_RECURSION = YES;
				CLANG_WARN_INT_CONVERSION = YES;
				CLANG_WARN_NON_LITERAL_NULL_CONVERSION = YES;
				CLANG_WARN_OBJC_IMPLICIT_RETAIN_SELF = YES;
				CLANG_WARN_OBJC_LITERAL_CONVERSION = YES;
				CLANG_WARN_OBJC_ROOT_CLASS = YES_ERROR;
				CLANG_WARN_RANGE_LOOP_ANALYSIS = YES;
				CLANG_WARN_STRICT_PROTOTYPES = YES;
				CLANG_WARN_SUSPICIOUS_MOVE = YES;
				CLANG_WARN_UNGUARDED_AVAILABILITY = YES_AGGRESSIVE;
				CLANG_WARN_UNREACHABLE_CODE = YES;
				CLANG_WARN__DUPLICATE_METHOD_MATCH = YES;
				CODE_SIGN_STYLE = Automatic;
				COPY_PHASE_STRIP = NO;
				DEBUG_INFORMATION_FORMAT = dwarf;
				ENABLE_STRICT_OBJC_MSGSEND = YES;
				ENABLE_TESTABILITY = YES;
				EXECUTABLE_PREFIX = "";
				GCC_C_LANGUAGE_STANDARD = gnu11;
				GCC_DYNAMIC_NO_PIC = NO;
				GCC_NO_COMMON_BLOCKS = YES;
				GCC_OPTIMIZATION_LEVEL = 0;
				GCC_PREPROCESSOR_DEFINITIONS = (
					"DEBUG=1",
					"$(inherited)",
				);
				GCC_WARN_64_TO_32_BIT_CONVERSION = YES;
				GCC_WARN_ABOUT_RETURN_TYPE = YES_ERROR;
				GCC_WARN_UNDECLARED_SELECTOR = YES;
				GCC_WARN_UNINITIALIZED_AUTOS = YES_AGGRESSIVE;
				GCC_WARN_UNUSED_FUNCTION = YES;
				GCC_WARN_UNUSED_VARIABLE = YES;
				HEADER_SEARCH_PATHS = "${PROJECT_DIR}/DarwinBoot/include";
				MACOSX_DEPLOYMENT_TARGET = 10.15;
				MTL_ENABLE_DEBUG_INFO = INCLUDE_SOURCE;
				MTL_FAST_MATH = YES;
				ONLY_ACTIVE_ARCH = YES;
				PRODUCT_NAME = "$(TARGET_NAME)";
				SDKROOT = macosx;
				SKIP_INSTALL = YES;
			};
			name = Debug;
		};
		F01F5A222DD018AF0010B44D /* Release */ = {
			isa = XCBuildConfiguration;
			buildSettings = {
				ALWAYS_SEARCH_USER_PATHS = NO;
				CLANG_ANALYZER_NONNULL = YES;
				CLANG_ANALYZER_NUMBER_OBJECT_CONVERSION = YES_AGGRESSIVE;
				CLANG_CXX_LANGUAGE_STANDARD = "gnu++14";
				CLANG_CXX_LIBRARY = "libc++";
				CLANG_ENABLE_MODULES = YES;
				CLANG_ENABLE_OBJC_ARC = YES;
				CLANG_ENABLE_OBJC_WEAK = YES;
				CLANG_WARN_BLOCK_CAPTURE_AUTORELEASING = YES;
				CLANG_WARN_BOOL_CONVERSION = YES;
				CLANG_WARN_COMMA = YES;
				CLANG_WARN_CONSTANT_CONVERSION = YES;
				CLANG_WARN_DEPRECATED_OBJC_IMPLEMENTATIONS = YES;
				CLANG_WARN_DIRECT_OBJC_ISA_USAGE = YES_ERROR;
				CLANG_WARN_DOCUMENTATION_COMMENTS = YES;
				CLANG_WARN_EMPTY_BODY = YES;
				CLANG_WARN_ENUM_CONVERSION = YES;
				CLANG_WARN_INFINITE_RECURSION = YES;
				CLANG_WARN_INT_CONVERSION = YES;
				CLANG_WARN_NON_LITERAL_NULL_CONVERSION = YES;
				CLANG_WARN_OBJC_IMPLICIT_RETAIN_SELF = YES;
				CLANG_WARN_OBJC_LITERAL_CONVERSION = YES;
				CLANG_WARN_OBJC_ROOT_CLASS = YES_ERROR;
				CLANG_WARN_RANGE_LOOP_ANALYSIS = YES;
				CLANG_WARN_STRICT_PROTOTYPES = YES;
				CLANG_WARN_SUSPICIOUS_MOVE = YES;
				CLANG_WARN_UNGUARDED_AVAILABILITY = YES_AGGRESSIVE;
				CLANG_WARN_UNREACHABLE_CODE = YES;
				CLANG_WARN__DUPLICATE_METHOD_MATCH = YES;
				CODE_SIGN_STYLE = Automatic;
				COPY_PHASE_STRIP = NO;
				DEBUG_INFORMATION_FORMAT = "dwarf-with-dsym";
				ENABLE_NS_ASSERTIONS = NO;
				ENABLE_STRICT_OBJC_MSGSEND = YES;
				EXECUTABLE_PREFIX = "";
				GCC_C_LANGUAGE_STANDARD = gnu11;
				GCC_NO_COMMON_BLOCKS = YES;
				GCC_WARN_64_TO_32_BIT_CONVERSION = YES;
				GCC_WARN_ABOUT_RETURN_TYPE = YES_ERROR;
				GCC_WARN_UNDECLARED_SELECTOR = YES;
				GCC_WARN_UNINITIALIZED_AUTOS = YES_AGGRESSIVE;
				GCC_WARN_UNUSED_FUNCTION = YES;
				GCC_WARN_UNUSED_VARIABLE = YES;
				HEADER_SEARCH_PATHS = "${PROJECT_DIR}/DarwinBoot/include";
				MACOSX_DEPLOYMENT_TARGET = 10.15;
				MTL_ENABLE_DEBUG_INFO = NO;
				MTL_FAST_MATH = YES;
				PRODUCT_NAME = "$(TARGET_NAME)";
				SDKROOT = macosx;
				SKIP_INSTALL = YES;
			};
			name = Release;
		};
		F08D5F5F2CC04FDA00F9FD8E /* Debug */ = {
			isa = XCBuildConfiguration;
			buildSettings = {
				HEADER_SEARCH_PATHS = "${PROJECT_DIR}/CoreDarwinBoot/include";
				VALID_ARCHS = "armv6 armv6k armv7 armv7s armv7k arm64 i386 x86_64";
			};
			name = Debug;
		};
		F08D5F602CC04FDA00F9FD8E /* Release */ = {
			isa = XCBuildConfiguration;
			buildSettings = {
				HEADER_SEARCH_PATHS = "${PROJECT_DIR}/CoreDarwinBoot/include";
				VALID_ARCHS = "armv6 armv6k armv7 armv7s armv7k arm64 i386 x86_64";
			};
			name = Release;
		};
		F08D5F802CC0506200F9FD8E /* Debug */ = {
			isa = XCBuildConfiguration;
			buildSettings = {
				ALWAYS_SEARCH_USER_PATHS = NO;
				ASSETCATALOG_COMPILER_GENERATE_SWIFT_ASSET_SYMBOL_EXTENSIONS = YES;
				CLANG_ANALYZER_NONNULL = YES;
				CLANG_ANALYZER_NUMBER_OBJECT_CONVERSION = YES_AGGRESSIVE;
				CLANG_CXX_LANGUAGE_STANDARD = "gnu++20";
				CLANG_ENABLE_MODULES = YES;
				CLANG_ENABLE_OBJC_ARC = YES;
				CLANG_ENABLE_OBJC_WEAK = YES;
				CLANG_WARN_BLOCK_CAPTURE_AUTORELEASING = YES;
				CLANG_WARN_BOOL_CONVERSION = YES;
				CLANG_WARN_COMMA = YES;
				CLANG_WARN_CONSTANT_CONVERSION = YES;
				CLANG_WARN_DEPRECATED_OBJC_IMPLEMENTATIONS = YES;
				CLANG_WARN_DIRECT_OBJC_ISA_USAGE = YES_ERROR;
				CLANG_WARN_DOCUMENTATION_COMMENTS = YES;
				CLANG_WARN_EMPTY_BODY = YES;
				CLANG_WARN_ENUM_CONVERSION = YES;
				CLANG_WARN_INFINITE_RECURSION = YES;
				CLANG_WARN_INT_CONVERSION = YES;
				CLANG_WARN_NON_LITERAL_NULL_CONVERSION = YES;
				CLANG_WARN_OBJC_IMPLICIT_RETAIN_SELF = YES;
				CLANG_WARN_OBJC_LITERAL_CONVERSION = YES;
				CLANG_WARN_OBJC_ROOT_CLASS = YES_ERROR;
				CLANG_WARN_QUOTED_INCLUDE_IN_FRAMEWORK_HEADER = YES;
				CLANG_WARN_RANGE_LOOP_ANALYSIS = YES;
				CLANG_WARN_STRICT_PROTOTYPES = YES;
				CLANG_WARN_SUSPICIOUS_MOVE = YES;
				CLANG_WARN_UNGUARDED_AVAILABILITY = YES_AGGRESSIVE;
				CLANG_WARN_UNREACHABLE_CODE = YES;
				CLANG_WARN__DUPLICATE_METHOD_MATCH = YES;
				CODE_SIGN_STYLE = Automatic;
				COPY_PHASE_STRIP = NO;
				DEBUG_INFORMATION_FORMAT = dwarf;
				ENABLE_STRICT_OBJC_MSGSEND = YES;
				ENABLE_TESTABILITY = YES;
				ENABLE_USER_SCRIPT_SANDBOXING = YES;
				GCC_C_LANGUAGE_STANDARD = gnu17;
				GCC_DYNAMIC_NO_PIC = NO;
				GCC_NO_COMMON_BLOCKS = YES;
				GCC_OPTIMIZATION_LEVEL = 0;
				GCC_PREPROCESSOR_DEFINITIONS = (
					"DEBUG=1",
					"$(inherited)",
				);
				GCC_WARN_64_TO_32_BIT_CONVERSION = YES;
				GCC_WARN_ABOUT_RETURN_TYPE = YES_ERROR;
				GCC_WARN_UNDECLARED_SELECTOR = YES;
				GCC_WARN_UNINITIALIZED_AUTOS = YES_AGGRESSIVE;
				GCC_WARN_UNUSED_FUNCTION = YES;
				GCC_WARN_UNUSED_VARIABLE = YES;
				LOCALIZATION_PREFERS_STRING_CATALOGS = YES;
				MACOSX_DEPLOYMENT_TARGET = 10.15;
				MTL_ENABLE_DEBUG_INFO = INCLUDE_SOURCE;
				MTL_FAST_MATH = YES;
				ONLY_ACTIVE_ARCH = YES;
				PRODUCT_NAME = "$(TARGET_NAME)";
				SDKROOT = macosx;
				SWIFT_OBJC_BRIDGING_HEADER = "CoreDarwinBoot/include/Platform/Apple/DarwinBootJS-Bridging-Header.h";
				SWIFT_OPTIMIZATION_LEVEL = "-Onone";
				SWIFT_VERSION = 6.0;
			};
			name = Debug;
		};
		F08D5F812CC0506200F9FD8E /* Release */ = {
			isa = XCBuildConfiguration;
			buildSettings = {
				ALWAYS_SEARCH_USER_PATHS = NO;
				ASSETCATALOG_COMPILER_GENERATE_SWIFT_ASSET_SYMBOL_EXTENSIONS = YES;
				CLANG_ANALYZER_NONNULL = YES;
				CLANG_ANALYZER_NUMBER_OBJECT_CONVERSION = YES_AGGRESSIVE;
				CLANG_CXX_LANGUAGE_STANDARD = "gnu++20";
				CLANG_ENABLE_MODULES = YES;
				CLANG_ENABLE_OBJC_ARC = YES;
				CLANG_ENABLE_OBJC_WEAK = YES;
				CLANG_WARN_BLOCK_CAPTURE_AUTORELEASING = YES;
				CLANG_WARN_BOOL_CONVERSION = YES;
				CLANG_WARN_COMMA = YES;
				CLANG_WARN_CONSTANT_CONVERSION = YES;
				CLANG_WARN_DEPRECATED_OBJC_IMPLEMENTATIONS = YES;
				CLANG_WARN_DIRECT_OBJC_ISA_USAGE = YES_ERROR;
				CLANG_WARN_DOCUMENTATION_COMMENTS = YES;
				CLANG_WARN_EMPTY_BODY = YES;
				CLANG_WARN_ENUM_CONVERSION = YES;
				CLANG_WARN_INFINITE_RECURSION = YES;
				CLANG_WARN_INT_CONVERSION = YES;
				CLANG_WARN_NON_LITERAL_NULL_CONVERSION = YES;
				CLANG_WARN_OBJC_IMPLICIT_RETAIN_SELF = YES;
				CLANG_WARN_OBJC_LITERAL_CONVERSION = YES;
				CLANG_WARN_OBJC_ROOT_CLASS = YES_ERROR;
				CLANG_WARN_QUOTED_INCLUDE_IN_FRAMEWORK_HEADER = YES;
				CLANG_WARN_RANGE_LOOP_ANALYSIS = YES;
				CLANG_WARN_STRICT_PROTOTYPES = YES;
				CLANG_WARN_SUSPICIOUS_MOVE = YES;
				CLANG_WARN_UNGUARDED_AVAILABILITY = YES_AGGRESSIVE;
				CLANG_WARN_UNREACHABLE_CODE = YES;
				CLANG_WARN__DUPLICATE_METHOD_MATCH = YES;
				CODE_SIGN_STYLE = Automatic;
				COPY_PHASE_STRIP = NO;
				DEBUG_INFORMATION_FORMAT = "dwarf-with-dsym";
				ENABLE_NS_ASSERTIONS = NO;
				ENABLE_STRICT_OBJC_MSGSEND = YES;
				ENABLE_USER_SCRIPT_SANDBOXING = YES;
				GCC_C_LANGUAGE_STANDARD = gnu17;
				GCC_NO_COMMON_BLOCKS = YES;
				GCC_WARN_64_TO_32_BIT_CONVERSION = YES;
				GCC_WARN_ABOUT_RETURN_TYPE = YES_ERROR;
				GCC_WARN_UNDECLARED_SELECTOR = YES;
				GCC_WARN_UNINITIALIZED_AUTOS = YES_AGGRESSIVE;
				GCC_WARN_UNUSED_FUNCTION = YES;
				GCC_WARN_UNUSED_VARIABLE = YES;
				LOCALIZATION_PREFERS_STRING_CATALOGS = YES;
				MACOSX_DEPLOYMENT_TARGET = 10.15;
				MTL_ENABLE_DEBUG_INFO = NO;
				MTL_FAST_MATH = YES;
				PRODUCT_NAME = "$(TARGET_NAME)";
				SDKROOT = macosx;
				SWIFT_OBJC_BRIDGING_HEADER = "CoreDarwinBoot/include/Platform/Apple/DarwinBootJS-Bridging-Header.h";
				SWIFT_VERSION = 6.0;
			};
			name = Release;
		};
/* End XCBuildConfiguration section */

/* Begin XCConfigurationList section */
		F01F5A202DD018AF0010B44D /* Build configuration list for PBXNativeTarget "libCoreDarwinBoot" */ = {
			isa = XCConfigurationList;
			buildConfigurations = (
				F01F5A212DD018AF0010B44D /* Debug */,
				F01F5A222DD018AF0010B44D /* Release */,
			);
			defaultConfigurationIsVisible = 0;
			defaultConfigurationName = Release;
		};
		F08D5F5E2CC04FDA00F9FD8E /* Build configuration list for PBXProject "DarwinBoot" */ = {
			isa = XCConfigurationList;
			buildConfigurations = (
				F08D5F5F2CC04FDA00F9FD8E /* Debug */,
				F08D5F602CC04FDA00F9FD8E /* Release */,
			);
			defaultConfigurationIsVisible = 0;
			defaultConfigurationName = Release;
		};
		F08D5F7F2CC0506200F9FD8E /* Build configuration list for PBXNativeTarget "DarwinBootJS" */ = {
			isa = XCConfigurationList;
			buildConfigurations = (
				F08D5F802CC0506200F9FD8E /* Debug */,
				F08D5F812CC0506200F9FD8E /* Release */,
			);
			defaultConfigurationIsVisible = 0;
			defaultConfigurationName = Release;
		};
/* End XCConfigurationList section */
	};
	rootObject = F08D5F5B2CC04FDA00F9FD8E /* Project object */;
}
